<?xml version="1.0" encoding="utf-8"?>
<Project ToolsVersion="4.0" xmlns="http://schemas.microsoft.com/developer/msbuild/2003">
  <ItemGroup>
    <ClCompile Include="..\..\..\source\GlobalClock.cpp" />
    <ClCompile Include="..\..\..\source\Shader.cpp">
      <Filter>render</Filter>
    </ClCompile>
    <ClCompile Include="..\..\..\source\RenderVariant.cpp">
      <Filter>render</Filter>
    </ClCompile>
    <ClCompile Include="..\..\..\source\ShaderUniforms.cpp">
      <Filter>render</Filter>
    </ClCompile>
  </ItemGroup>
  <ItemGroup>
    <ClInclude Include="..\..\..\include\painting0\Camera.h" />
    <ClInclude Include="..\..\..\include\painting0\GlobalClock.h" />
    <ClInclude Include="..\..\..\include\painting0\RenderVariant.h">
      <Filter>render</Filter>
    </ClInclude>
    <ClInclude Include="..\..\..\include\painting0\Shader.h">
      <Filter>render</Filter>
    </ClInclude>
    <ClInclude Include="..\..\..\include\painting0\Material.h">
      <Filter>render</Filter>
    </ClInclude>
    <ClInclude Include="..\..\..\include\painting0\RenderPass.h">
      <Filter>render</Filter>
    </ClInclude>
    <ClInclude Include="..\..\..\include\painting0\Color.h">
      <Filter>dataset</Filter>
    </ClInclude>
    <ClInclude Include="..\..\..\include\painting0\ShaderUniforms.h">
      <Filter>render</Filter>
    </ClInclude>
    <ClInclude Include="..\..\..\include\painting0\UniformNames.h">
      <Filter>render</Filter>
    </ClInclude>
    <ClInclude Include="..\..\..\include\painting0\RenderContext.h">
      <Filter>render</Filter>
    </ClInclude>
  </ItemGroup>
  <ItemGroup>
    <Filter Include="render">
      <UniqueIdentifier>{6f34778e-90b9-4f37-a024-d7467a5abd5c}</UniqueIdentifier>
    </Filter>
    <Filter Include="dataset">
      <UniqueIdentifier>{f0ff7d4b-e76e-4c78-8859-bee1bedd408d}</UniqueIdentifier>
    </Filter>
  </ItemGroup>
  <ItemGroup>
    <None Include="..\..\..\include\painting0\Color.inl">
      <Filter>dataset</Filter>
    </None>
  </ItemGroup>
</Project>